
Microsoft Visual Studio Solution File, Format Version 12.00
# Visual Studio 14
VisualStudioVersion = 14.0.25123.0
MinimumVisualStudioVersion = 10.0.40219.1
Project("{FAE04EC0-301F-11D3-BF4B-00C04F79EFBC}") = "MobileFramework", "MobileFramework\MobileFramework\MobileFramework.csproj", "{3A0783E7-247E-476E-847D-331C26BF65E3}"
EndProject
Project("{FAE04EC0-301F-11D3-BF4B-00C04F79EFBC}") = "MobileFramework.iOS", "MobileFramework\MobileFramework.iOS\MobileFramework.iOS.csproj", "{4FD3B854-B250-4FB2-AC7E-8E497DC9F5C4}"
EndProject
Project("{FAE04EC0-301F-11D3-BF4B-00C04F79EFBC}") = "MobileFramework.Droid", "MobileFramework\MobileFramework.Droid\MobileFramework.Droid.csproj", "{E5C7873E-7651-4C32-BD01-70665DEF42B9}"
EndProject
Project("{F088123C-0E9E-452A-89E6-6BA2F21D5CAC}") = "Softwaremodel", "Softwaremodel\Softwaremodel.modelproj", "{43EA55C3-E930-44BF-9182-261343DB3635}"
EndProject
Project("{FAE04EC0-301F-11D3-BF4B-00C04F79EFBC}") = "MobileFramework.Win", "App1\MobileFramework.Win.csproj", "{21F4CF55-C3F8-4A10-B265-4AC569703ABD}"
EndProject
Project("{FAE04EC0-301F-11D3-BF4B-00C04F79EFBC}") = "MobileFramework.Tests", "MobileFrameWork.Tests\MobileFramework.Tests.csproj", "{67F9D3A8-F71E-4428-913F-C37AE82CDB24}"
EndProject
Project("{FAE04EC0-301F-11D3-BF4B-00C04F79EFBC}") = "MobileFramework.Tests.Droid", "MobileFramework.Tests.Droid\MobileFramework.Tests.Droid.csproj", "{66ED5BB3-F8FD-4D25-99E8-BE07D11E3F68}"
EndProject
Project("{FAE04EC0-301F-11D3-BF4B-00C04F79EFBC}") = "MobileFramework.Tests.iOS", "MobileFramework.Tests.iOS\MobileFramework.Tests.iOS.csproj", "{2DF9E121-0B36-4286-B384-167A17B44FE2}"
EndProject
Project("{FAE04EC0-301F-11D3-BF4B-00C04F79EFBC}") = "MobileFramework.Tests.UWin", "MobileFramework.Tests.UWin\MobileFramework.Tests.UWin.csproj", "{5730FCEA-9697-46D1-981F-0DE4EB2CB6BE}"
EndProject
Global
	GlobalSection(SolutionConfigurationPlatforms) = preSolution
		Ad-Hoc|Any CPU = Ad-Hoc|Any CPU
		Ad-Hoc|ARM = Ad-Hoc|ARM
		Ad-Hoc|iPhone = Ad-Hoc|iPhone
		Ad-Hoc|iPhoneSimulator = Ad-Hoc|iPhoneSimulator
		Ad-Hoc|Mixed Platforms = Ad-Hoc|Mixed Platforms
		Ad-Hoc|x64 = Ad-Hoc|x64
		Ad-Hoc|x86 = Ad-Hoc|x86
		AppStore|Any CPU = AppStore|Any CPU
		AppStore|ARM = AppStore|ARM
		AppStore|iPhone = AppStore|iPhone
		AppStore|iPhoneSimulator = AppStore|iPhoneSimulator
		AppStore|Mixed Platforms = AppStore|Mixed Platforms
		AppStore|x64 = AppStore|x64
		AppStore|x86 = AppStore|x86
		Debug|Any CPU = Debug|Any CPU
		Debug|ARM = Debug|ARM
		Debug|iPhone = Debug|iPhone
		Debug|iPhoneSimulator = Debug|iPhoneSimulator
		Debug|Mixed Platforms = Debug|Mixed Platforms
		Debug|x64 = Debug|x64
		Debug|x86 = Debug|x86
		Release|Any CPU = Release|Any CPU
		Release|ARM = Release|ARM
		Release|iPhone = Release|iPhone
		Release|iPhoneSimulator = Release|iPhoneSimulator
		Release|Mixed Platforms = Release|Mixed Platforms
		Release|x64 = Release|x64
		Release|x86 = Release|x86
	EndGlobalSection
	GlobalSection(ProjectConfigurationPlatforms) = postSolution
		{3A0783E7-247E-476E-847D-331C26BF65E3}.Ad-Hoc|Any CPU.ActiveCfg = Release|Any CPU
		{3A0783E7-247E-476E-847D-331C26BF65E3}.Ad-Hoc|Any CPU.Build.0 = Release|Any CPU
		{3A0783E7-247E-476E-847D-331C26BF65E3}.Ad-Hoc|ARM.ActiveCfg = Debug|Any CPU
		{3A0783E7-247E-476E-847D-331C26BF65E3}.Ad-Hoc|ARM.Build.0 = Debug|Any CPU
		{3A0783E7-247E-476E-847D-331C26BF65E3}.Ad-Hoc|iPhone.ActiveCfg = Release|Any CPU
		{3A0783E7-247E-476E-847D-331C26BF65E3}.Ad-Hoc|iPhone.Build.0 = Release|Any CPU
		{3A0783E7-247E-476E-847D-331C26BF65E3}.Ad-Hoc|iPhoneSimulator.ActiveCfg = Release|Any CPU
		{3A0783E7-247E-476E-847D-331C26BF65E3}.Ad-Hoc|iPhoneSimulator.Build.0 = Release|Any CPU
		{3A0783E7-247E-476E-847D-331C26BF65E3}.Ad-Hoc|Mixed Platforms.ActiveCfg = Release|Any CPU
		{3A0783E7-247E-476E-847D-331C26BF65E3}.Ad-Hoc|Mixed Platforms.Build.0 = Release|Any CPU
		{3A0783E7-247E-476E-847D-331C26BF65E3}.Ad-Hoc|x64.ActiveCfg = Debug|Any CPU
		{3A0783E7-247E-476E-847D-331C26BF65E3}.Ad-Hoc|x64.Build.0 = Debug|Any CPU
		{3A0783E7-247E-476E-847D-331C26BF65E3}.Ad-Hoc|x86.ActiveCfg = Debug|Any CPU
		{3A0783E7-247E-476E-847D-331C26BF65E3}.Ad-Hoc|x86.Build.0 = Debug|Any CPU
		{3A0783E7-247E-476E-847D-331C26BF65E3}.AppStore|Any CPU.ActiveCfg = Release|Any CPU
		{3A0783E7-247E-476E-847D-331C26BF65E3}.AppStore|Any CPU.Build.0 = Release|Any CPU
		{3A0783E7-247E-476E-847D-331C26BF65E3}.AppStore|ARM.ActiveCfg = Debug|Any CPU
		{3A0783E7-247E-476E-847D-331C26BF65E3}.AppStore|ARM.Build.0 = Debug|Any CPU
		{3A0783E7-247E-476E-847D-331C26BF65E3}.AppStore|iPhone.ActiveCfg = Release|Any CPU
		{3A0783E7-247E-476E-847D-331C26BF65E3}.AppStore|iPhone.Build.0 = Release|Any CPU
		{3A0783E7-247E-476E-847D-331C26BF65E3}.AppStore|iPhoneSimulator.ActiveCfg = Release|Any CPU
		{3A0783E7-247E-476E-847D-331C26BF65E3}.AppStore|iPhoneSimulator.Build.0 = Release|Any CPU
		{3A0783E7-247E-476E-847D-331C26BF65E3}.AppStore|Mixed Platforms.ActiveCfg = Release|Any CPU
		{3A0783E7-247E-476E-847D-331C26BF65E3}.AppStore|Mixed Platforms.Build.0 = Release|Any CPU
		{3A0783E7-247E-476E-847D-331C26BF65E3}.AppStore|x64.ActiveCfg = Debug|Any CPU
		{3A0783E7-247E-476E-847D-331C26BF65E3}.AppStore|x64.Build.0 = Debug|Any CPU
		{3A0783E7-247E-476E-847D-331C26BF65E3}.AppStore|x86.ActiveCfg = Debug|Any CPU
		{3A0783E7-247E-476E-847D-331C26BF65E3}.AppStore|x86.Build.0 = Debug|Any CPU
		{3A0783E7-247E-476E-847D-331C26BF65E3}.Debug|Any CPU.ActiveCfg = Debug|Any CPU
		{3A0783E7-247E-476E-847D-331C26BF65E3}.Debug|Any CPU.Build.0 = Debug|Any CPU
		{3A0783E7-247E-476E-847D-331C26BF65E3}.Debug|Any CPU.Deploy.0 = Debug|Any CPU
		{3A0783E7-247E-476E-847D-331C26BF65E3}.Debug|ARM.ActiveCfg = Debug|Any CPU
		{3A0783E7-247E-476E-847D-331C26BF65E3}.Debug|ARM.Build.0 = Debug|Any CPU
		{3A0783E7-247E-476E-847D-331C26BF65E3}.Debug|iPhone.ActiveCfg = Debug|Any CPU
		{3A0783E7-247E-476E-847D-331C26BF65E3}.Debug|iPhone.Build.0 = Debug|Any CPU
		{3A0783E7-247E-476E-847D-331C26BF65E3}.Debug|iPhoneSimulator.ActiveCfg = Debug|Any CPU
		{3A0783E7-247E-476E-847D-331C26BF65E3}.Debug|iPhoneSimulator.Build.0 = Debug|Any CPU
		{3A0783E7-247E-476E-847D-331C26BF65E3}.Debug|Mixed Platforms.ActiveCfg = Debug|Any CPU
		{3A0783E7-247E-476E-847D-331C26BF65E3}.Debug|Mixed Platforms.Build.0 = Debug|Any CPU
		{3A0783E7-247E-476E-847D-331C26BF65E3}.Debug|x64.ActiveCfg = Debug|Any CPU
		{3A0783E7-247E-476E-847D-331C26BF65E3}.Debug|x64.Build.0 = Debug|Any CPU
		{3A0783E7-247E-476E-847D-331C26BF65E3}.Debug|x86.ActiveCfg = Debug|Any CPU
		{3A0783E7-247E-476E-847D-331C26BF65E3}.Debug|x86.Build.0 = Debug|Any CPU
		{3A0783E7-247E-476E-847D-331C26BF65E3}.Release|Any CPU.ActiveCfg = Release|Any CPU
		{3A0783E7-247E-476E-847D-331C26BF65E3}.Release|Any CPU.Build.0 = Release|Any CPU
		{3A0783E7-247E-476E-847D-331C26BF65E3}.Release|ARM.ActiveCfg = Release|Any CPU
		{3A0783E7-247E-476E-847D-331C26BF65E3}.Release|ARM.Build.0 = Release|Any CPU
		{3A0783E7-247E-476E-847D-331C26BF65E3}.Release|iPhone.ActiveCfg = Release|Any CPU
		{3A0783E7-247E-476E-847D-331C26BF65E3}.Release|iPhone.Build.0 = Release|Any CPU
		{3A0783E7-247E-476E-847D-331C26BF65E3}.Release|iPhoneSimulator.ActiveCfg = Release|Any CPU
		{3A0783E7-247E-476E-847D-331C26BF65E3}.Release|iPhoneSimulator.Build.0 = Release|Any CPU
		{3A0783E7-247E-476E-847D-331C26BF65E3}.Release|Mixed Platforms.ActiveCfg = Release|Any CPU
		{3A0783E7-247E-476E-847D-331C26BF65E3}.Release|Mixed Platforms.Build.0 = Release|Any CPU
		{3A0783E7-247E-476E-847D-331C26BF65E3}.Release|x64.ActiveCfg = Release|Any CPU
		{3A0783E7-247E-476E-847D-331C26BF65E3}.Release|x64.Build.0 = Release|Any CPU
		{3A0783E7-247E-476E-847D-331C26BF65E3}.Release|x86.ActiveCfg = Release|Any CPU
		{3A0783E7-247E-476E-847D-331C26BF65E3}.Release|x86.Build.0 = Release|Any CPU
		{4FD3B854-B250-4FB2-AC7E-8E497DC9F5C4}.Ad-Hoc|Any CPU.ActiveCfg = Ad-Hoc|iPhone
		{4FD3B854-B250-4FB2-AC7E-8E497DC9F5C4}.Ad-Hoc|ARM.ActiveCfg = Ad-Hoc|iPhoneSimulator
		{4FD3B854-B250-4FB2-AC7E-8E497DC9F5C4}.Ad-Hoc|iPhone.ActiveCfg = Ad-Hoc|iPhone
		{4FD3B854-B250-4FB2-AC7E-8E497DC9F5C4}.Ad-Hoc|iPhone.Build.0 = Ad-Hoc|iPhone
		{4FD3B854-B250-4FB2-AC7E-8E497DC9F5C4}.Ad-Hoc|iPhoneSimulator.ActiveCfg = Ad-Hoc|iPhoneSimulator
		{4FD3B854-B250-4FB2-AC7E-8E497DC9F5C4}.Ad-Hoc|iPhoneSimulator.Build.0 = Ad-Hoc|iPhoneSimulator
		{4FD3B854-B250-4FB2-AC7E-8E497DC9F5C4}.Ad-Hoc|Mixed Platforms.ActiveCfg = Ad-Hoc|iPhone
		{4FD3B854-B250-4FB2-AC7E-8E497DC9F5C4}.Ad-Hoc|Mixed Platforms.Build.0 = Ad-Hoc|iPhone
		{4FD3B854-B250-4FB2-AC7E-8E497DC9F5C4}.Ad-Hoc|x64.ActiveCfg = Ad-Hoc|iPhoneSimulator
		{4FD3B854-B250-4FB2-AC7E-8E497DC9F5C4}.Ad-Hoc|x86.ActiveCfg = Ad-Hoc|iPhoneSimulator
		{4FD3B854-B250-4FB2-AC7E-8E497DC9F5C4}.AppStore|Any CPU.ActiveCfg = AppStore|iPhone
		{4FD3B854-B250-4FB2-AC7E-8E497DC9F5C4}.AppStore|ARM.ActiveCfg = AppStore|iPhoneSimulator
		{4FD3B854-B250-4FB2-AC7E-8E497DC9F5C4}.AppStore|iPhone.ActiveCfg = AppStore|iPhone
		{4FD3B854-B250-4FB2-AC7E-8E497DC9F5C4}.AppStore|iPhone.Build.0 = AppStore|iPhone
		{4FD3B854-B250-4FB2-AC7E-8E497DC9F5C4}.AppStore|iPhoneSimulator.ActiveCfg = AppStore|iPhoneSimulator
		{4FD3B854-B250-4FB2-AC7E-8E497DC9F5C4}.AppStore|iPhoneSimulator.Build.0 = AppStore|iPhoneSimulator
		{4FD3B854-B250-4FB2-AC7E-8E497DC9F5C4}.AppStore|Mixed Platforms.ActiveCfg = AppStore|iPhone
		{4FD3B854-B250-4FB2-AC7E-8E497DC9F5C4}.AppStore|Mixed Platforms.Build.0 = AppStore|iPhone
		{4FD3B854-B250-4FB2-AC7E-8E497DC9F5C4}.AppStore|x64.ActiveCfg = AppStore|iPhoneSimulator
		{4FD3B854-B250-4FB2-AC7E-8E497DC9F5C4}.AppStore|x86.ActiveCfg = AppStore|iPhoneSimulator
		{4FD3B854-B250-4FB2-AC7E-8E497DC9F5C4}.Debug|Any CPU.ActiveCfg = Debug|iPhone
		{4FD3B854-B250-4FB2-AC7E-8E497DC9F5C4}.Debug|ARM.ActiveCfg = Debug|iPhoneSimulator
		{4FD3B854-B250-4FB2-AC7E-8E497DC9F5C4}.Debug|iPhone.ActiveCfg = Debug|iPhone
		{4FD3B854-B250-4FB2-AC7E-8E497DC9F5C4}.Debug|iPhone.Build.0 = Debug|iPhone
		{4FD3B854-B250-4FB2-AC7E-8E497DC9F5C4}.Debug|iPhoneSimulator.ActiveCfg = Debug|iPhoneSimulator
		{4FD3B854-B250-4FB2-AC7E-8E497DC9F5C4}.Debug|iPhoneSimulator.Build.0 = Debug|iPhoneSimulator
		{4FD3B854-B250-4FB2-AC7E-8E497DC9F5C4}.Debug|Mixed Platforms.ActiveCfg = Debug|iPhone
		{4FD3B854-B250-4FB2-AC7E-8E497DC9F5C4}.Debug|Mixed Platforms.Build.0 = Debug|iPhone
		{4FD3B854-B250-4FB2-AC7E-8E497DC9F5C4}.Debug|x64.ActiveCfg = Debug|iPhoneSimulator
		{4FD3B854-B250-4FB2-AC7E-8E497DC9F5C4}.Debug|x86.ActiveCfg = Debug|iPhoneSimulator
		{4FD3B854-B250-4FB2-AC7E-8E497DC9F5C4}.Release|Any CPU.ActiveCfg = Release|iPhone
		{4FD3B854-B250-4FB2-AC7E-8E497DC9F5C4}.Release|ARM.ActiveCfg = Release|iPhoneSimulator
		{4FD3B854-B250-4FB2-AC7E-8E497DC9F5C4}.Release|iPhone.ActiveCfg = Release|iPhone
		{4FD3B854-B250-4FB2-AC7E-8E497DC9F5C4}.Release|iPhone.Build.0 = Release|iPhone
		{4FD3B854-B250-4FB2-AC7E-8E497DC9F5C4}.Release|iPhoneSimulator.ActiveCfg = Release|iPhoneSimulator
		{4FD3B854-B250-4FB2-AC7E-8E497DC9F5C4}.Release|iPhoneSimulator.Build.0 = Release|iPhoneSimulator
		{4FD3B854-B250-4FB2-AC7E-8E497DC9F5C4}.Release|Mixed Platforms.ActiveCfg = Release|iPhone
		{4FD3B854-B250-4FB2-AC7E-8E497DC9F5C4}.Release|Mixed Platforms.Build.0 = Release|iPhone
		{4FD3B854-B250-4FB2-AC7E-8E497DC9F5C4}.Release|x64.ActiveCfg = Release|iPhoneSimulator
		{4FD3B854-B250-4FB2-AC7E-8E497DC9F5C4}.Release|x86.ActiveCfg = Release|iPhoneSimulator
		{E5C7873E-7651-4C32-BD01-70665DEF42B9}.Ad-Hoc|Any CPU.ActiveCfg = Release|Any CPU
		{E5C7873E-7651-4C32-BD01-70665DEF42B9}.Ad-Hoc|Any CPU.Build.0 = Release|Any CPU
		{E5C7873E-7651-4C32-BD01-70665DEF42B9}.Ad-Hoc|Any CPU.Deploy.0 = Release|Any CPU
		{E5C7873E-7651-4C32-BD01-70665DEF42B9}.Ad-Hoc|ARM.ActiveCfg = Debug|Any CPU
		{E5C7873E-7651-4C32-BD01-70665DEF42B9}.Ad-Hoc|ARM.Build.0 = Debug|Any CPU
		{E5C7873E-7651-4C32-BD01-70665DEF42B9}.Ad-Hoc|ARM.Deploy.0 = Debug|Any CPU
		{E5C7873E-7651-4C32-BD01-70665DEF42B9}.Ad-Hoc|iPhone.ActiveCfg = Release|Any CPU
		{E5C7873E-7651-4C32-BD01-70665DEF42B9}.Ad-Hoc|iPhoneSimulator.ActiveCfg = Release|Any CPU
		{E5C7873E-7651-4C32-BD01-70665DEF42B9}.Ad-Hoc|Mixed Platforms.ActiveCfg = Release|Any CPU
		{E5C7873E-7651-4C32-BD01-70665DEF42B9}.Ad-Hoc|Mixed Platforms.Build.0 = Release|Any CPU
		{E5C7873E-7651-4C32-BD01-70665DEF42B9}.Ad-Hoc|Mixed Platforms.Deploy.0 = Release|Any CPU
		{E5C7873E-7651-4C32-BD01-70665DEF42B9}.Ad-Hoc|x64.ActiveCfg = Debug|Any CPU
		{E5C7873E-7651-4C32-BD01-70665DEF42B9}.Ad-Hoc|x64.Build.0 = Debug|Any CPU
		{E5C7873E-7651-4C32-BD01-70665DEF42B9}.Ad-Hoc|x64.Deploy.0 = Debug|Any CPU
		{E5C7873E-7651-4C32-BD01-70665DEF42B9}.Ad-Hoc|x86.ActiveCfg = Debug|Any CPU
		{E5C7873E-7651-4C32-BD01-70665DEF42B9}.Ad-Hoc|x86.Build.0 = Debug|Any CPU
		{E5C7873E-7651-4C32-BD01-70665DEF42B9}.Ad-Hoc|x86.Deploy.0 = Debug|Any CPU
		{E5C7873E-7651-4C32-BD01-70665DEF42B9}.AppStore|Any CPU.ActiveCfg = Release|Any CPU
		{E5C7873E-7651-4C32-BD01-70665DEF42B9}.AppStore|Any CPU.Build.0 = Release|Any CPU
		{E5C7873E-7651-4C32-BD01-70665DEF42B9}.AppStore|Any CPU.Deploy.0 = Release|Any CPU
		{E5C7873E-7651-4C32-BD01-70665DEF42B9}.AppStore|ARM.ActiveCfg = Debug|Any CPU
		{E5C7873E-7651-4C32-BD01-70665DEF42B9}.AppStore|ARM.Build.0 = Debug|Any CPU
		{E5C7873E-7651-4C32-BD01-70665DEF42B9}.AppStore|ARM.Deploy.0 = Debug|Any CPU
		{E5C7873E-7651-4C32-BD01-70665DEF42B9}.AppStore|iPhone.ActiveCfg = Release|Any CPU
		{E5C7873E-7651-4C32-BD01-70665DEF42B9}.AppStore|iPhoneSimulator.ActiveCfg = Release|Any CPU
		{E5C7873E-7651-4C32-BD01-70665DEF42B9}.AppStore|Mixed Platforms.ActiveCfg = Release|Any CPU
		{E5C7873E-7651-4C32-BD01-70665DEF42B9}.AppStore|Mixed Platforms.Build.0 = Release|Any CPU
		{E5C7873E-7651-4C32-BD01-70665DEF42B9}.AppStore|Mixed Platforms.Deploy.0 = Release|Any CPU
		{E5C7873E-7651-4C32-BD01-70665DEF42B9}.AppStore|x64.ActiveCfg = Debug|Any CPU
		{E5C7873E-7651-4C32-BD01-70665DEF42B9}.AppStore|x64.Build.0 = Debug|Any CPU
		{E5C7873E-7651-4C32-BD01-70665DEF42B9}.AppStore|x64.Deploy.0 = Debug|Any CPU
		{E5C7873E-7651-4C32-BD01-70665DEF42B9}.AppStore|x86.ActiveCfg = Debug|Any CPU
		{E5C7873E-7651-4C32-BD01-70665DEF42B9}.AppStore|x86.Build.0 = Debug|Any CPU
		{E5C7873E-7651-4C32-BD01-70665DEF42B9}.AppStore|x86.Deploy.0 = Debug|Any CPU
		{E5C7873E-7651-4C32-BD01-70665DEF42B9}.Debug|Any CPU.ActiveCfg = Debug|Any CPU
		{E5C7873E-7651-4C32-BD01-70665DEF42B9}.Debug|Any CPU.Build.0 = Debug|Any CPU
		{E5C7873E-7651-4C32-BD01-70665DEF42B9}.Debug|Any CPU.Deploy.0 = Debug|Any CPU
		{E5C7873E-7651-4C32-BD01-70665DEF42B9}.Debug|ARM.ActiveCfg = Debug|Any CPU
		{E5C7873E-7651-4C32-BD01-70665DEF42B9}.Debug|ARM.Build.0 = Debug|Any CPU
		{E5C7873E-7651-4C32-BD01-70665DEF42B9}.Debug|ARM.Deploy.0 = Debug|Any CPU
		{E5C7873E-7651-4C32-BD01-70665DEF42B9}.Debug|iPhone.ActiveCfg = Debug|Any CPU
		{E5C7873E-7651-4C32-BD01-70665DEF42B9}.Debug|iPhoneSimulator.ActiveCfg = Debug|Any CPU
		{E5C7873E-7651-4C32-BD01-70665DEF42B9}.Debug|Mixed Platforms.ActiveCfg = Debug|Any CPU
		{E5C7873E-7651-4C32-BD01-70665DEF42B9}.Debug|Mixed Platforms.Build.0 = Debug|Any CPU
		{E5C7873E-7651-4C32-BD01-70665DEF42B9}.Debug|Mixed Platforms.Deploy.0 = Debug|Any CPU
		{E5C7873E-7651-4C32-BD01-70665DEF42B9}.Debug|x64.ActiveCfg = Debug|Any CPU
		{E5C7873E-7651-4C32-BD01-70665DEF42B9}.Debug|x64.Build.0 = Debug|Any CPU
		{E5C7873E-7651-4C32-BD01-70665DEF42B9}.Debug|x64.Deploy.0 = Debug|Any CPU
		{E5C7873E-7651-4C32-BD01-70665DEF42B9}.Debug|x86.ActiveCfg = Debug|Any CPU
		{E5C7873E-7651-4C32-BD01-70665DEF42B9}.Debug|x86.Build.0 = Debug|Any CPU
		{E5C7873E-7651-4C32-BD01-70665DEF42B9}.Debug|x86.Deploy.0 = Debug|Any CPU
		{E5C7873E-7651-4C32-BD01-70665DEF42B9}.Release|Any CPU.ActiveCfg = Release|Any CPU
		{E5C7873E-7651-4C32-BD01-70665DEF42B9}.Release|Any CPU.Build.0 = Release|Any CPU
		{E5C7873E-7651-4C32-BD01-70665DEF42B9}.Release|Any CPU.Deploy.0 = Release|Any CPU
		{E5C7873E-7651-4C32-BD01-70665DEF42B9}.Release|ARM.ActiveCfg = Release|Any CPU
		{E5C7873E-7651-4C32-BD01-70665DEF42B9}.Release|ARM.Build.0 = Release|Any CPU
		{E5C7873E-7651-4C32-BD01-70665DEF42B9}.Release|ARM.Deploy.0 = Release|Any CPU
		{E5C7873E-7651-4C32-BD01-70665DEF42B9}.Release|iPhone.ActiveCfg = Release|Any CPU
		{E5C7873E-7651-4C32-BD01-70665DEF42B9}.Release|iPhoneSimulator.ActiveCfg = Release|Any CPU
		{E5C7873E-7651-4C32-BD01-70665DEF42B9}.Release|Mixed Platforms.ActiveCfg = Release|Any CPU
		{E5C7873E-7651-4C32-BD01-70665DEF42B9}.Release|Mixed Platforms.Build.0 = Release|Any CPU
		{E5C7873E-7651-4C32-BD01-70665DEF42B9}.Release|Mixed Platforms.Deploy.0 = Release|Any CPU
		{E5C7873E-7651-4C32-BD01-70665DEF42B9}.Release|x64.ActiveCfg = Release|Any CPU
		{E5C7873E-7651-4C32-BD01-70665DEF42B9}.Release|x64.Build.0 = Release|Any CPU
		{E5C7873E-7651-4C32-BD01-70665DEF42B9}.Release|x64.Deploy.0 = Release|Any CPU
		{E5C7873E-7651-4C32-BD01-70665DEF42B9}.Release|x86.ActiveCfg = Release|Any CPU
		{E5C7873E-7651-4C32-BD01-70665DEF42B9}.Release|x86.Build.0 = Release|Any CPU
		{E5C7873E-7651-4C32-BD01-70665DEF42B9}.Release|x86.Deploy.0 = Release|Any CPU
		{43EA55C3-E930-44BF-9182-261343DB3635}.Ad-Hoc|Any CPU.ActiveCfg = Release|Any CPU
		{43EA55C3-E930-44BF-9182-261343DB3635}.Ad-Hoc|Any CPU.Build.0 = Release|Any CPU
		{43EA55C3-E930-44BF-9182-261343DB3635}.Ad-Hoc|ARM.ActiveCfg = Debug|Any CPU
		{43EA55C3-E930-44BF-9182-261343DB3635}.Ad-Hoc|ARM.Build.0 = Debug|Any CPU
		{43EA55C3-E930-44BF-9182-261343DB3635}.Ad-Hoc|iPhone.ActiveCfg = Release|Any CPU
		{43EA55C3-E930-44BF-9182-261343DB3635}.Ad-Hoc|iPhoneSimulator.ActiveCfg = Release|Any CPU
		{43EA55C3-E930-44BF-9182-261343DB3635}.Ad-Hoc|Mixed Platforms.ActiveCfg = Release|Any CPU
		{43EA55C3-E930-44BF-9182-261343DB3635}.Ad-Hoc|Mixed Platforms.Build.0 = Release|Any CPU
		{43EA55C3-E930-44BF-9182-261343DB3635}.Ad-Hoc|x64.ActiveCfg = Debug|Any CPU
		{43EA55C3-E930-44BF-9182-261343DB3635}.Ad-Hoc|x64.Build.0 = Debug|Any CPU
		{43EA55C3-E930-44BF-9182-261343DB3635}.Ad-Hoc|x86.ActiveCfg = Debug|Any CPU
		{43EA55C3-E930-44BF-9182-261343DB3635}.Ad-Hoc|x86.Build.0 = Debug|Any CPU
		{43EA55C3-E930-44BF-9182-261343DB3635}.AppStore|Any CPU.ActiveCfg = Release|Any CPU
		{43EA55C3-E930-44BF-9182-261343DB3635}.AppStore|Any CPU.Build.0 = Release|Any CPU
		{43EA55C3-E930-44BF-9182-261343DB3635}.AppStore|ARM.ActiveCfg = Debug|Any CPU
		{43EA55C3-E930-44BF-9182-261343DB3635}.AppStore|ARM.Build.0 = Debug|Any CPU
		{43EA55C3-E930-44BF-9182-261343DB3635}.AppStore|iPhone.ActiveCfg = Release|Any CPU
		{43EA55C3-E930-44BF-9182-261343DB3635}.AppStore|iPhoneSimulator.ActiveCfg = Release|Any CPU
		{43EA55C3-E930-44BF-9182-261343DB3635}.AppStore|Mixed Platforms.ActiveCfg = Release|Any CPU
		{43EA55C3-E930-44BF-9182-261343DB3635}.AppStore|Mixed Platforms.Build.0 = Release|Any CPU
		{43EA55C3-E930-44BF-9182-261343DB3635}.AppStore|x64.ActiveCfg = Debug|Any CPU
		{43EA55C3-E930-44BF-9182-261343DB3635}.AppStore|x64.Build.0 = Debug|Any CPU
		{43EA55C3-E930-44BF-9182-261343DB3635}.AppStore|x86.ActiveCfg = Debug|Any CPU
		{43EA55C3-E930-44BF-9182-261343DB3635}.AppStore|x86.Build.0 = Debug|Any CPU
		{43EA55C3-E930-44BF-9182-261343DB3635}.Debug|Any CPU.ActiveCfg = Debug|Any CPU
		{43EA55C3-E930-44BF-9182-261343DB3635}.Debug|Any CPU.Build.0 = Debug|Any CPU
		{43EA55C3-E930-44BF-9182-261343DB3635}.Debug|ARM.ActiveCfg = Debug|Any CPU
		{43EA55C3-E930-44BF-9182-261343DB3635}.Debug|ARM.Build.0 = Debug|Any CPU
		{43EA55C3-E930-44BF-9182-261343DB3635}.Debug|iPhone.ActiveCfg = Debug|Any CPU
		{43EA55C3-E930-44BF-9182-261343DB3635}.Debug|iPhoneSimulator.ActiveCfg = Debug|Any CPU
		{43EA55C3-E930-44BF-9182-261343DB3635}.Debug|Mixed Platforms.ActiveCfg = Debug|Any CPU
		{43EA55C3-E930-44BF-9182-261343DB3635}.Debug|Mixed Platforms.Build.0 = Debug|Any CPU
		{43EA55C3-E930-44BF-9182-261343DB3635}.Debug|x64.ActiveCfg = Debug|Any CPU
		{43EA55C3-E930-44BF-9182-261343DB3635}.Debug|x64.Build.0 = Debug|Any CPU
		{43EA55C3-E930-44BF-9182-261343DB3635}.Debug|x86.ActiveCfg = Debug|Any CPU
		{43EA55C3-E930-44BF-9182-261343DB3635}.Debug|x86.Build.0 = Debug|Any CPU
		{43EA55C3-E930-44BF-9182-261343DB3635}.Release|Any CPU.ActiveCfg = Release|Any CPU
		{43EA55C3-E930-44BF-9182-261343DB3635}.Release|Any CPU.Build.0 = Release|Any CPU
		{43EA55C3-E930-44BF-9182-261343DB3635}.Release|ARM.ActiveCfg = Release|Any CPU
		{43EA55C3-E930-44BF-9182-261343DB3635}.Release|ARM.Build.0 = Release|Any CPU
		{43EA55C3-E930-44BF-9182-261343DB3635}.Release|iPhone.ActiveCfg = Release|Any CPU
		{43EA55C3-E930-44BF-9182-261343DB3635}.Release|iPhoneSimulator.ActiveCfg = Release|Any CPU
		{43EA55C3-E930-44BF-9182-261343DB3635}.Release|Mixed Platforms.ActiveCfg = Release|Any CPU
		{43EA55C3-E930-44BF-9182-261343DB3635}.Release|Mixed Platforms.Build.0 = Release|Any CPU
		{43EA55C3-E930-44BF-9182-261343DB3635}.Release|x64.ActiveCfg = Release|Any CPU
		{43EA55C3-E930-44BF-9182-261343DB3635}.Release|x64.Build.0 = Release|Any CPU
		{43EA55C3-E930-44BF-9182-261343DB3635}.Release|x86.ActiveCfg = Release|Any CPU
		{43EA55C3-E930-44BF-9182-261343DB3635}.Release|x86.Build.0 = Release|Any CPU
		{21F4CF55-C3F8-4A10-B265-4AC569703ABD}.Ad-Hoc|Any CPU.ActiveCfg = Release|x64
		{21F4CF55-C3F8-4A10-B265-4AC569703ABD}.Ad-Hoc|Any CPU.Build.0 = Release|x64
		{21F4CF55-C3F8-4A10-B265-4AC569703ABD}.Ad-Hoc|Any CPU.Deploy.0 = Release|x64
		{21F4CF55-C3F8-4A10-B265-4AC569703ABD}.Ad-Hoc|ARM.ActiveCfg = Release|ARM
		{21F4CF55-C3F8-4A10-B265-4AC569703ABD}.Ad-Hoc|ARM.Build.0 = Release|ARM
		{21F4CF55-C3F8-4A10-B265-4AC569703ABD}.Ad-Hoc|ARM.Deploy.0 = Release|ARM
		{21F4CF55-C3F8-4A10-B265-4AC569703ABD}.Ad-Hoc|iPhone.ActiveCfg = Release|x64
		{21F4CF55-C3F8-4A10-B265-4AC569703ABD}.Ad-Hoc|iPhone.Build.0 = Release|x64
		{21F4CF55-C3F8-4A10-B265-4AC569703ABD}.Ad-Hoc|iPhone.Deploy.0 = Release|x64
		{21F4CF55-C3F8-4A10-B265-4AC569703ABD}.Ad-Hoc|iPhoneSimulator.ActiveCfg = Release|x64
		{21F4CF55-C3F8-4A10-B265-4AC569703ABD}.Ad-Hoc|iPhoneSimulator.Build.0 = Release|x64
		{21F4CF55-C3F8-4A10-B265-4AC569703ABD}.Ad-Hoc|iPhoneSimulator.Deploy.0 = Release|x64
		{21F4CF55-C3F8-4A10-B265-4AC569703ABD}.Ad-Hoc|Mixed Platforms.ActiveCfg = Release|x86
		{21F4CF55-C3F8-4A10-B265-4AC569703ABD}.Ad-Hoc|Mixed Platforms.Build.0 = Release|x86
		{21F4CF55-C3F8-4A10-B265-4AC569703ABD}.Ad-Hoc|Mixed Platforms.Deploy.0 = Release|x86
		{21F4CF55-C3F8-4A10-B265-4AC569703ABD}.Ad-Hoc|x64.ActiveCfg = Release|x64
		{21F4CF55-C3F8-4A10-B265-4AC569703ABD}.Ad-Hoc|x64.Build.0 = Release|x64
		{21F4CF55-C3F8-4A10-B265-4AC569703ABD}.Ad-Hoc|x64.Deploy.0 = Release|x64
		{21F4CF55-C3F8-4A10-B265-4AC569703ABD}.Ad-Hoc|x86.ActiveCfg = Release|x86
		{21F4CF55-C3F8-4A10-B265-4AC569703ABD}.Ad-Hoc|x86.Build.0 = Release|x86
		{21F4CF55-C3F8-4A10-B265-4AC569703ABD}.Ad-Hoc|x86.Deploy.0 = Release|x86
		{21F4CF55-C3F8-4A10-B265-4AC569703ABD}.AppStore|Any CPU.ActiveCfg = Release|x64
		{21F4CF55-C3F8-4A10-B265-4AC569703ABD}.AppStore|Any CPU.Build.0 = Release|x64
		{21F4CF55-C3F8-4A10-B265-4AC569703ABD}.AppStore|Any CPU.Deploy.0 = Release|x64
		{21F4CF55-C3F8-4A10-B265-4AC569703ABD}.AppStore|ARM.ActiveCfg = Release|ARM
		{21F4CF55-C3F8-4A10-B265-4AC569703ABD}.AppStore|ARM.Build.0 = Release|ARM
		{21F4CF55-C3F8-4A10-B265-4AC569703ABD}.AppStore|ARM.Deploy.0 = Release|ARM
		{21F4CF55-C3F8-4A10-B265-4AC569703ABD}.AppStore|iPhone.ActiveCfg = Release|x64
		{21F4CF55-C3F8-4A10-B265-4AC569703ABD}.AppStore|iPhone.Build.0 = Release|x64
		{21F4CF55-C3F8-4A10-B265-4AC569703ABD}.AppStore|iPhone.Deploy.0 = Release|x64
		{21F4CF55-C3F8-4A10-B265-4AC569703ABD}.AppStore|iPhoneSimulator.ActiveCfg = Release|x64
		{21F4CF55-C3F8-4A10-B265-4AC569703ABD}.AppStore|iPhoneSimulator.Build.0 = Release|x64
		{21F4CF55-C3F8-4A10-B265-4AC569703ABD}.AppStore|iPhoneSimulator.Deploy.0 = Release|x64
		{21F4CF55-C3F8-4A10-B265-4AC569703ABD}.AppStore|Mixed Platforms.ActiveCfg = Release|x86
		{21F4CF55-C3F8-4A10-B265-4AC569703ABD}.AppStore|Mixed Platforms.Build.0 = Release|x86
		{21F4CF55-C3F8-4A10-B265-4AC569703ABD}.AppStore|Mixed Platforms.Deploy.0 = Release|x86
		{21F4CF55-C3F8-4A10-B265-4AC569703ABD}.AppStore|x64.ActiveCfg = Release|x64
		{21F4CF55-C3F8-4A10-B265-4AC569703ABD}.AppStore|x64.Build.0 = Release|x64
		{21F4CF55-C3F8-4A10-B265-4AC569703ABD}.AppStore|x64.Deploy.0 = Release|x64
		{21F4CF55-C3F8-4A10-B265-4AC569703ABD}.AppStore|x86.ActiveCfg = Release|x86
		{21F4CF55-C3F8-4A10-B265-4AC569703ABD}.AppStore|x86.Build.0 = Release|x86
		{21F4CF55-C3F8-4A10-B265-4AC569703ABD}.AppStore|x86.Deploy.0 = Release|x86
		{21F4CF55-C3F8-4A10-B265-4AC569703ABD}.Debug|Any CPU.ActiveCfg = Debug|x86
		{21F4CF55-C3F8-4A10-B265-4AC569703ABD}.Debug|Any CPU.Build.0 = Debug|x86
		{21F4CF55-C3F8-4A10-B265-4AC569703ABD}.Debug|Any CPU.Deploy.0 = Debug|x86
		{21F4CF55-C3F8-4A10-B265-4AC569703ABD}.Debug|ARM.ActiveCfg = Debug|ARM
		{21F4CF55-C3F8-4A10-B265-4AC569703ABD}.Debug|ARM.Build.0 = Debug|ARM
		{21F4CF55-C3F8-4A10-B265-4AC569703ABD}.Debug|ARM.Deploy.0 = Debug|ARM
		{21F4CF55-C3F8-4A10-B265-4AC569703ABD}.Debug|iPhone.ActiveCfg = Debug|x86
		{21F4CF55-C3F8-4A10-B265-4AC569703ABD}.Debug|iPhoneSimulator.ActiveCfg = Debug|x86
		{21F4CF55-C3F8-4A10-B265-4AC569703ABD}.Debug|Mixed Platforms.ActiveCfg = Debug|x86
		{21F4CF55-C3F8-4A10-B265-4AC569703ABD}.Debug|Mixed Platforms.Build.0 = Debug|x86
		{21F4CF55-C3F8-4A10-B265-4AC569703ABD}.Debug|Mixed Platforms.Deploy.0 = Debug|x86
		{21F4CF55-C3F8-4A10-B265-4AC569703ABD}.Debug|x64.ActiveCfg = Debug|x64
		{21F4CF55-C3F8-4A10-B265-4AC569703ABD}.Debug|x64.Build.0 = Debug|x64
		{21F4CF55-C3F8-4A10-B265-4AC569703ABD}.Debug|x64.Deploy.0 = Debug|x64
		{21F4CF55-C3F8-4A10-B265-4AC569703ABD}.Debug|x86.ActiveCfg = Debug|x86
		{21F4CF55-C3F8-4A10-B265-4AC569703ABD}.Debug|x86.Build.0 = Debug|x86
		{21F4CF55-C3F8-4A10-B265-4AC569703ABD}.Debug|x86.Deploy.0 = Debug|x86
		{21F4CF55-C3F8-4A10-B265-4AC569703ABD}.Release|Any CPU.ActiveCfg = Release|x86
		{21F4CF55-C3F8-4A10-B265-4AC569703ABD}.Release|ARM.ActiveCfg = Release|ARM
		{21F4CF55-C3F8-4A10-B265-4AC569703ABD}.Release|ARM.Build.0 = Release|ARM
		{21F4CF55-C3F8-4A10-B265-4AC569703ABD}.Release|ARM.Deploy.0 = Release|ARM
		{21F4CF55-C3F8-4A10-B265-4AC569703ABD}.Release|iPhone.ActiveCfg = Release|x86
		{21F4CF55-C3F8-4A10-B265-4AC569703ABD}.Release|iPhoneSimulator.ActiveCfg = Release|x86
		{21F4CF55-C3F8-4A10-B265-4AC569703ABD}.Release|Mixed Platforms.ActiveCfg = Release|x86
		{21F4CF55-C3F8-4A10-B265-4AC569703ABD}.Release|Mixed Platforms.Build.0 = Release|x86
		{21F4CF55-C3F8-4A10-B265-4AC569703ABD}.Release|Mixed Platforms.Deploy.0 = Release|x86
		{21F4CF55-C3F8-4A10-B265-4AC569703ABD}.Release|x64.ActiveCfg = Release|x64
		{21F4CF55-C3F8-4A10-B265-4AC569703ABD}.Release|x64.Build.0 = Release|x64
		{21F4CF55-C3F8-4A10-B265-4AC569703ABD}.Release|x64.Deploy.0 = Release|x64
		{21F4CF55-C3F8-4A10-B265-4AC569703ABD}.Release|x86.ActiveCfg = Release|x86
		{21F4CF55-C3F8-4A10-B265-4AC569703ABD}.Release|x86.Build.0 = Release|x86
		{21F4CF55-C3F8-4A10-B265-4AC569703ABD}.Release|x86.Deploy.0 = Release|x86
		{67F9D3A8-F71E-4428-913F-C37AE82CDB24}.Ad-Hoc|Any CPU.ActiveCfg = Release|Any CPU
		{67F9D3A8-F71E-4428-913F-C37AE82CDB24}.Ad-Hoc|Any CPU.Build.0 = Release|Any CPU
		{67F9D3A8-F71E-4428-913F-C37AE82CDB24}.Ad-Hoc|ARM.ActiveCfg = Release|Any CPU
		{67F9D3A8-F71E-4428-913F-C37AE82CDB24}.Ad-Hoc|ARM.Build.0 = Release|Any CPU
		{67F9D3A8-F71E-4428-913F-C37AE82CDB24}.Ad-Hoc|iPhone.ActiveCfg = Release|Any CPU
		{67F9D3A8-F71E-4428-913F-C37AE82CDB24}.Ad-Hoc|iPhone.Build.0 = Release|Any CPU
		{67F9D3A8-F71E-4428-913F-C37AE82CDB24}.Ad-Hoc|iPhoneSimulator.ActiveCfg = Release|Any CPU
		{67F9D3A8-F71E-4428-913F-C37AE82CDB24}.Ad-Hoc|iPhoneSimulator.Build.0 = Release|Any CPU
		{67F9D3A8-F71E-4428-913F-C37AE82CDB24}.Ad-Hoc|Mixed Platforms.ActiveCfg = Release|Any CPU
		{67F9D3A8-F71E-4428-913F-C37AE82CDB24}.Ad-Hoc|Mixed Platforms.Build.0 = Release|Any CPU
		{67F9D3A8-F71E-4428-913F-C37AE82CDB24}.Ad-Hoc|x64.ActiveCfg = Release|Any CPU
		{67F9D3A8-F71E-4428-913F-C37AE82CDB24}.Ad-Hoc|x64.Build.0 = Release|Any CPU
		{67F9D3A8-F71E-4428-913F-C37AE82CDB24}.Ad-Hoc|x86.ActiveCfg = Release|Any CPU
		{67F9D3A8-F71E-4428-913F-C37AE82CDB24}.Ad-Hoc|x86.Build.0 = Release|Any CPU
		{67F9D3A8-F71E-4428-913F-C37AE82CDB24}.AppStore|Any CPU.ActiveCfg = Release|Any CPU
		{67F9D3A8-F71E-4428-913F-C37AE82CDB24}.AppStore|Any CPU.Build.0 = Release|Any CPU
		{67F9D3A8-F71E-4428-913F-C37AE82CDB24}.AppStore|ARM.ActiveCfg = Release|Any CPU
		{67F9D3A8-F71E-4428-913F-C37AE82CDB24}.AppStore|ARM.Build.0 = Release|Any CPU
		{67F9D3A8-F71E-4428-913F-C37AE82CDB24}.AppStore|iPhone.ActiveCfg = Release|Any CPU
		{67F9D3A8-F71E-4428-913F-C37AE82CDB24}.AppStore|iPhone.Build.0 = Release|Any CPU
		{67F9D3A8-F71E-4428-913F-C37AE82CDB24}.AppStore|iPhoneSimulator.ActiveCfg = Release|Any CPU
		{67F9D3A8-F71E-4428-913F-C37AE82CDB24}.AppStore|iPhoneSimulator.Build.0 = Release|Any CPU
		{67F9D3A8-F71E-4428-913F-C37AE82CDB24}.AppStore|Mixed Platforms.ActiveCfg = Release|Any CPU
		{67F9D3A8-F71E-4428-913F-C37AE82CDB24}.AppStore|Mixed Platforms.Build.0 = Release|Any CPU
		{67F9D3A8-F71E-4428-913F-C37AE82CDB24}.AppStore|x64.ActiveCfg = Release|Any CPU
		{67F9D3A8-F71E-4428-913F-C37AE82CDB24}.AppStore|x64.Build.0 = Release|Any CPU
		{67F9D3A8-F71E-4428-913F-C37AE82CDB24}.AppStore|x86.ActiveCfg = Release|Any CPU
		{67F9D3A8-F71E-4428-913F-C37AE82CDB24}.AppStore|x86.Build.0 = Release|Any CPU
		{67F9D3A8-F71E-4428-913F-C37AE82CDB24}.Debug|Any CPU.ActiveCfg = Debug|Any CPU
		{67F9D3A8-F71E-4428-913F-C37AE82CDB24}.Debug|Any CPU.Build.0 = Debug|Any CPU
		{67F9D3A8-F71E-4428-913F-C37AE82CDB24}.Debug|ARM.ActiveCfg = Debug|Any CPU
		{67F9D3A8-F71E-4428-913F-C37AE82CDB24}.Debug|ARM.Build.0 = Debug|Any CPU
		{67F9D3A8-F71E-4428-913F-C37AE82CDB24}.Debug|iPhone.ActiveCfg = Debug|Any CPU
		{67F9D3A8-F71E-4428-913F-C37AE82CDB24}.Debug|iPhone.Build.0 = Debug|Any CPU
		{67F9D3A8-F71E-4428-913F-C37AE82CDB24}.Debug|iPhoneSimulator.ActiveCfg = Debug|Any CPU
		{67F9D3A8-F71E-4428-913F-C37AE82CDB24}.Debug|iPhoneSimulator.Build.0 = Debug|Any CPU
		{67F9D3A8-F71E-4428-913F-C37AE82CDB24}.Debug|Mixed Platforms.ActiveCfg = Debug|Any CPU
		{67F9D3A8-F71E-4428-913F-C37AE82CDB24}.Debug|Mixed Platforms.Build.0 = Debug|Any CPU
		{67F9D3A8-F71E-4428-913F-C37AE82CDB24}.Debug|x64.ActiveCfg = Debug|Any CPU
		{67F9D3A8-F71E-4428-913F-C37AE82CDB24}.Debug|x64.Build.0 = Debug|Any CPU
		{67F9D3A8-F71E-4428-913F-C37AE82CDB24}.Debug|x86.ActiveCfg = Debug|Any CPU
		{67F9D3A8-F71E-4428-913F-C37AE82CDB24}.Debug|x86.Build.0 = Debug|Any CPU
		{67F9D3A8-F71E-4428-913F-C37AE82CDB24}.Release|Any CPU.ActiveCfg = Release|Any CPU
		{67F9D3A8-F71E-4428-913F-C37AE82CDB24}.Release|Any CPU.Build.0 = Release|Any CPU
		{67F9D3A8-F71E-4428-913F-C37AE82CDB24}.Release|ARM.ActiveCfg = Release|Any CPU
		{67F9D3A8-F71E-4428-913F-C37AE82CDB24}.Release|ARM.Build.0 = Release|Any CPU
		{67F9D3A8-F71E-4428-913F-C37AE82CDB24}.Release|iPhone.ActiveCfg = Release|Any CPU
		{67F9D3A8-F71E-4428-913F-C37AE82CDB24}.Release|iPhone.Build.0 = Release|Any CPU
		{67F9D3A8-F71E-4428-913F-C37AE82CDB24}.Release|iPhoneSimulator.ActiveCfg = Release|Any CPU
		{67F9D3A8-F71E-4428-913F-C37AE82CDB24}.Release|iPhoneSimulator.Build.0 = Release|Any CPU
		{67F9D3A8-F71E-4428-913F-C37AE82CDB24}.Release|Mixed Platforms.ActiveCfg = Release|Any CPU
		{67F9D3A8-F71E-4428-913F-C37AE82CDB24}.Release|Mixed Platforms.Build.0 = Release|Any CPU
		{67F9D3A8-F71E-4428-913F-C37AE82CDB24}.Release|x64.ActiveCfg = Release|Any CPU
		{67F9D3A8-F71E-4428-913F-C37AE82CDB24}.Release|x64.Build.0 = Release|Any CPU
		{67F9D3A8-F71E-4428-913F-C37AE82CDB24}.Release|x86.ActiveCfg = Release|Any CPU
		{67F9D3A8-F71E-4428-913F-C37AE82CDB24}.Release|x86.Build.0 = Release|Any CPU
		{66ED5BB3-F8FD-4D25-99E8-BE07D11E3F68}.Ad-Hoc|Any CPU.ActiveCfg = Release|Any CPU
		{66ED5BB3-F8FD-4D25-99E8-BE07D11E3F68}.Ad-Hoc|Any CPU.Build.0 = Release|Any CPU
		{66ED5BB3-F8FD-4D25-99E8-BE07D11E3F68}.Ad-Hoc|Any CPU.Deploy.0 = Release|Any CPU
		{66ED5BB3-F8FD-4D25-99E8-BE07D11E3F68}.Ad-Hoc|ARM.ActiveCfg = Release|Any CPU
		{66ED5BB3-F8FD-4D25-99E8-BE07D11E3F68}.Ad-Hoc|ARM.Build.0 = Release|Any CPU
		{66ED5BB3-F8FD-4D25-99E8-BE07D11E3F68}.Ad-Hoc|ARM.Deploy.0 = Release|Any CPU
		{66ED5BB3-F8FD-4D25-99E8-BE07D11E3F68}.Ad-Hoc|iPhone.ActiveCfg = Release|Any CPU
		{66ED5BB3-F8FD-4D25-99E8-BE07D11E3F68}.Ad-Hoc|iPhone.Build.0 = Release|Any CPU
		{66ED5BB3-F8FD-4D25-99E8-BE07D11E3F68}.Ad-Hoc|iPhone.Deploy.0 = Release|Any CPU
		{66ED5BB3-F8FD-4D25-99E8-BE07D11E3F68}.Ad-Hoc|iPhoneSimulator.ActiveCfg = Release|Any CPU
		{66ED5BB3-F8FD-4D25-99E8-BE07D11E3F68}.Ad-Hoc|iPhoneSimulator.Build.0 = Release|Any CPU
		{66ED5BB3-F8FD-4D25-99E8-BE07D11E3F68}.Ad-Hoc|iPhoneSimulator.Deploy.0 = Release|Any CPU
		{66ED5BB3-F8FD-4D25-99E8-BE07D11E3F68}.Ad-Hoc|Mixed Platforms.ActiveCfg = Release|Any CPU
		{66ED5BB3-F8FD-4D25-99E8-BE07D11E3F68}.Ad-Hoc|Mixed Platforms.Build.0 = Release|Any CPU
		{66ED5BB3-F8FD-4D25-99E8-BE07D11E3F68}.Ad-Hoc|Mixed Platforms.Deploy.0 = Release|Any CPU
		{66ED5BB3-F8FD-4D25-99E8-BE07D11E3F68}.Ad-Hoc|x64.ActiveCfg = Release|Any CPU
		{66ED5BB3-F8FD-4D25-99E8-BE07D11E3F68}.Ad-Hoc|x64.Build.0 = Release|Any CPU
		{66ED5BB3-F8FD-4D25-99E8-BE07D11E3F68}.Ad-Hoc|x64.Deploy.0 = Release|Any CPU
		{66ED5BB3-F8FD-4D25-99E8-BE07D11E3F68}.Ad-Hoc|x86.ActiveCfg = Release|Any CPU
		{66ED5BB3-F8FD-4D25-99E8-BE07D11E3F68}.Ad-Hoc|x86.Build.0 = Release|Any CPU
		{66ED5BB3-F8FD-4D25-99E8-BE07D11E3F68}.Ad-Hoc|x86.Deploy.0 = Release|Any CPU
		{66ED5BB3-F8FD-4D25-99E8-BE07D11E3F68}.AppStore|Any CPU.ActiveCfg = Release|Any CPU
		{66ED5BB3-F8FD-4D25-99E8-BE07D11E3F68}.AppStore|Any CPU.Build.0 = Release|Any CPU
		{66ED5BB3-F8FD-4D25-99E8-BE07D11E3F68}.AppStore|Any CPU.Deploy.0 = Release|Any CPU
		{66ED5BB3-F8FD-4D25-99E8-BE07D11E3F68}.AppStore|ARM.ActiveCfg = Release|Any CPU
		{66ED5BB3-F8FD-4D25-99E8-BE07D11E3F68}.AppStore|ARM.Build.0 = Release|Any CPU
		{66ED5BB3-F8FD-4D25-99E8-BE07D11E3F68}.AppStore|ARM.Deploy.0 = Release|Any CPU
		{66ED5BB3-F8FD-4D25-99E8-BE07D11E3F68}.AppStore|iPhone.ActiveCfg = Release|Any CPU
		{66ED5BB3-F8FD-4D25-99E8-BE07D11E3F68}.AppStore|iPhone.Build.0 = Release|Any CPU
		{66ED5BB3-F8FD-4D25-99E8-BE07D11E3F68}.AppStore|iPhone.Deploy.0 = Release|Any CPU
		{66ED5BB3-F8FD-4D25-99E8-BE07D11E3F68}.AppStore|iPhoneSimulator.ActiveCfg = Release|Any CPU
		{66ED5BB3-F8FD-4D25-99E8-BE07D11E3F68}.AppStore|iPhoneSimulator.Build.0 = Release|Any CPU
		{66ED5BB3-F8FD-4D25-99E8-BE07D11E3F68}.AppStore|iPhoneSimulator.Deploy.0 = Release|Any CPU
		{66ED5BB3-F8FD-4D25-99E8-BE07D11E3F68}.AppStore|Mixed Platforms.ActiveCfg = Release|Any CPU
		{66ED5BB3-F8FD-4D25-99E8-BE07D11E3F68}.AppStore|Mixed Platforms.Build.0 = Release|Any CPU
		{66ED5BB3-F8FD-4D25-99E8-BE07D11E3F68}.AppStore|Mixed Platforms.Deploy.0 = Release|Any CPU
		{66ED5BB3-F8FD-4D25-99E8-BE07D11E3F68}.AppStore|x64.ActiveCfg = Release|Any CPU
		{66ED5BB3-F8FD-4D25-99E8-BE07D11E3F68}.AppStore|x64.Build.0 = Release|Any CPU
		{66ED5BB3-F8FD-4D25-99E8-BE07D11E3F68}.AppStore|x64.Deploy.0 = Release|Any CPU
		{66ED5BB3-F8FD-4D25-99E8-BE07D11E3F68}.AppStore|x86.ActiveCfg = Release|Any CPU
		{66ED5BB3-F8FD-4D25-99E8-BE07D11E3F68}.AppStore|x86.Build.0 = Release|Any CPU
		{66ED5BB3-F8FD-4D25-99E8-BE07D11E3F68}.AppStore|x86.Deploy.0 = Release|Any CPU
		{66ED5BB3-F8FD-4D25-99E8-BE07D11E3F68}.Debug|Any CPU.ActiveCfg = Debug|Any CPU
		{66ED5BB3-F8FD-4D25-99E8-BE07D11E3F68}.Debug|Any CPU.Build.0 = Debug|Any CPU
		{66ED5BB3-F8FD-4D25-99E8-BE07D11E3F68}.Debug|Any CPU.Deploy.0 = Debug|Any CPU
		{66ED5BB3-F8FD-4D25-99E8-BE07D11E3F68}.Debug|ARM.ActiveCfg = Debug|Any CPU
		{66ED5BB3-F8FD-4D25-99E8-BE07D11E3F68}.Debug|ARM.Build.0 = Debug|Any CPU
		{66ED5BB3-F8FD-4D25-99E8-BE07D11E3F68}.Debug|ARM.Deploy.0 = Debug|Any CPU
		{66ED5BB3-F8FD-4D25-99E8-BE07D11E3F68}.Debug|iPhone.ActiveCfg = Debug|Any CPU
		{66ED5BB3-F8FD-4D25-99E8-BE07D11E3F68}.Debug|iPhone.Build.0 = Debug|Any CPU
		{66ED5BB3-F8FD-4D25-99E8-BE07D11E3F68}.Debug|iPhone.Deploy.0 = Debug|Any CPU
		{66ED5BB3-F8FD-4D25-99E8-BE07D11E3F68}.Debug|iPhoneSimulator.ActiveCfg = Debug|Any CPU
		{66ED5BB3-F8FD-4D25-99E8-BE07D11E3F68}.Debug|iPhoneSimulator.Build.0 = Debug|Any CPU
		{66ED5BB3-F8FD-4D25-99E8-BE07D11E3F68}.Debug|iPhoneSimulator.Deploy.0 = Debug|Any CPU
		{66ED5BB3-F8FD-4D25-99E8-BE07D11E3F68}.Debug|Mixed Platforms.ActiveCfg = Debug|Any CPU
		{66ED5BB3-F8FD-4D25-99E8-BE07D11E3F68}.Debug|Mixed Platforms.Build.0 = Debug|Any CPU
		{66ED5BB3-F8FD-4D25-99E8-BE07D11E3F68}.Debug|Mixed Platforms.Deploy.0 = Debug|Any CPU
		{66ED5BB3-F8FD-4D25-99E8-BE07D11E3F68}.Debug|x64.ActiveCfg = Debug|Any CPU
		{66ED5BB3-F8FD-4D25-99E8-BE07D11E3F68}.Debug|x64.Build.0 = Debug|Any CPU
		{66ED5BB3-F8FD-4D25-99E8-BE07D11E3F68}.Debug|x64.Deploy.0 = Debug|Any CPU
		{66ED5BB3-F8FD-4D25-99E8-BE07D11E3F68}.Debug|x86.ActiveCfg = Debug|Any CPU
		{66ED5BB3-F8FD-4D25-99E8-BE07D11E3F68}.Debug|x86.Build.0 = Debug|Any CPU
		{66ED5BB3-F8FD-4D25-99E8-BE07D11E3F68}.Debug|x86.Deploy.0 = Debug|Any CPU
		{66ED5BB3-F8FD-4D25-99E8-BE07D11E3F68}.Release|Any CPU.ActiveCfg = Release|Any CPU
		{66ED5BB3-F8FD-4D25-99E8-BE07D11E3F68}.Release|Any CPU.Build.0 = Release|Any CPU
		{66ED5BB3-F8FD-4D25-99E8-BE07D11E3F68}.Release|Any CPU.Deploy.0 = Release|Any CPU
		{66ED5BB3-F8FD-4D25-99E8-BE07D11E3F68}.Release|ARM.ActiveCfg = Release|Any CPU
		{66ED5BB3-F8FD-4D25-99E8-BE07D11E3F68}.Release|ARM.Build.0 = Release|Any CPU
		{66ED5BB3-F8FD-4D25-99E8-BE07D11E3F68}.Release|ARM.Deploy.0 = Release|Any CPU
		{66ED5BB3-F8FD-4D25-99E8-BE07D11E3F68}.Release|iPhone.ActiveCfg = Release|Any CPU
		{66ED5BB3-F8FD-4D25-99E8-BE07D11E3F68}.Release|iPhone.Build.0 = Release|Any CPU
		{66ED5BB3-F8FD-4D25-99E8-BE07D11E3F68}.Release|iPhone.Deploy.0 = Release|Any CPU
		{66ED5BB3-F8FD-4D25-99E8-BE07D11E3F68}.Release|iPhoneSimulator.ActiveCfg = Release|Any CPU
		{66ED5BB3-F8FD-4D25-99E8-BE07D11E3F68}.Release|iPhoneSimulator.Build.0 = Release|Any CPU
		{66ED5BB3-F8FD-4D25-99E8-BE07D11E3F68}.Release|iPhoneSimulator.Deploy.0 = Release|Any CPU
		{66ED5BB3-F8FD-4D25-99E8-BE07D11E3F68}.Release|Mixed Platforms.ActiveCfg = Release|Any CPU
		{66ED5BB3-F8FD-4D25-99E8-BE07D11E3F68}.Release|Mixed Platforms.Build.0 = Release|Any CPU
		{66ED5BB3-F8FD-4D25-99E8-BE07D11E3F68}.Release|Mixed Platforms.Deploy.0 = Release|Any CPU
		{66ED5BB3-F8FD-4D25-99E8-BE07D11E3F68}.Release|x64.ActiveCfg = Release|Any CPU
		{66ED5BB3-F8FD-4D25-99E8-BE07D11E3F68}.Release|x64.Build.0 = Release|Any CPU
		{66ED5BB3-F8FD-4D25-99E8-BE07D11E3F68}.Release|x64.Deploy.0 = Release|Any CPU
		{66ED5BB3-F8FD-4D25-99E8-BE07D11E3F68}.Release|x86.ActiveCfg = Release|Any CPU
		{66ED5BB3-F8FD-4D25-99E8-BE07D11E3F68}.Release|x86.Build.0 = Release|Any CPU
		{66ED5BB3-F8FD-4D25-99E8-BE07D11E3F68}.Release|x86.Deploy.0 = Release|Any CPU
		{2DF9E121-0B36-4286-B384-167A17B44FE2}.Ad-Hoc|Any CPU.ActiveCfg = Ad-Hoc|iPhone
		{2DF9E121-0B36-4286-B384-167A17B44FE2}.Ad-Hoc|ARM.ActiveCfg = Ad-Hoc|iPhone
		{2DF9E121-0B36-4286-B384-167A17B44FE2}.Ad-Hoc|iPhone.ActiveCfg = Ad-Hoc|iPhone
		{2DF9E121-0B36-4286-B384-167A17B44FE2}.Ad-Hoc|iPhone.Build.0 = Ad-Hoc|iPhone
		{2DF9E121-0B36-4286-B384-167A17B44FE2}.Ad-Hoc|iPhoneSimulator.ActiveCfg = Ad-Hoc|iPhoneSimulator
		{2DF9E121-0B36-4286-B384-167A17B44FE2}.Ad-Hoc|iPhoneSimulator.Build.0 = Ad-Hoc|iPhoneSimulator
		{2DF9E121-0B36-4286-B384-167A17B44FE2}.Ad-Hoc|Mixed Platforms.ActiveCfg = Ad-Hoc|iPhone
		{2DF9E121-0B36-4286-B384-167A17B44FE2}.Ad-Hoc|Mixed Platforms.Build.0 = Ad-Hoc|iPhone
		{2DF9E121-0B36-4286-B384-167A17B44FE2}.Ad-Hoc|x64.ActiveCfg = Ad-Hoc|iPhone
		{2DF9E121-0B36-4286-B384-167A17B44FE2}.Ad-Hoc|x86.ActiveCfg = Ad-Hoc|iPhone
		{2DF9E121-0B36-4286-B384-167A17B44FE2}.AppStore|Any CPU.ActiveCfg = AppStore|iPhone
		{2DF9E121-0B36-4286-B384-167A17B44FE2}.AppStore|ARM.ActiveCfg = AppStore|iPhone
		{2DF9E121-0B36-4286-B384-167A17B44FE2}.AppStore|iPhone.ActiveCfg = AppStore|iPhone
		{2DF9E121-0B36-4286-B384-167A17B44FE2}.AppStore|iPhone.Build.0 = AppStore|iPhone
		{2DF9E121-0B36-4286-B384-167A17B44FE2}.AppStore|iPhoneSimulator.ActiveCfg = AppStore|iPhoneSimulator
		{2DF9E121-0B36-4286-B384-167A17B44FE2}.AppStore|iPhoneSimulator.Build.0 = AppStore|iPhoneSimulator
		{2DF9E121-0B36-4286-B384-167A17B44FE2}.AppStore|Mixed Platforms.ActiveCfg = AppStore|iPhone
		{2DF9E121-0B36-4286-B384-167A17B44FE2}.AppStore|Mixed Platforms.Build.0 = AppStore|iPhone
		{2DF9E121-0B36-4286-B384-167A17B44FE2}.AppStore|x64.ActiveCfg = AppStore|iPhone
		{2DF9E121-0B36-4286-B384-167A17B44FE2}.AppStore|x86.ActiveCfg = AppStore|iPhone
		{2DF9E121-0B36-4286-B384-167A17B44FE2}.Debug|Any CPU.ActiveCfg = Debug|iPhone
		{2DF9E121-0B36-4286-B384-167A17B44FE2}.Debug|ARM.ActiveCfg = Debug|iPhone
		{2DF9E121-0B36-4286-B384-167A17B44FE2}.Debug|iPhone.ActiveCfg = Debug|iPhone
		{2DF9E121-0B36-4286-B384-167A17B44FE2}.Debug|iPhone.Build.0 = Debug|iPhone
		{2DF9E121-0B36-4286-B384-167A17B44FE2}.Debug|iPhoneSimulator.ActiveCfg = Debug|iPhoneSimulator
		{2DF9E121-0B36-4286-B384-167A17B44FE2}.Debug|iPhoneSimulator.Build.0 = Debug|iPhoneSimulator
		{2DF9E121-0B36-4286-B384-167A17B44FE2}.Debug|Mixed Platforms.ActiveCfg = Debug|iPhone
		{2DF9E121-0B36-4286-B384-167A17B44FE2}.Debug|Mixed Platforms.Build.0 = Debug|iPhone
		{2DF9E121-0B36-4286-B384-167A17B44FE2}.Debug|x64.ActiveCfg = Debug|iPhone
		{2DF9E121-0B36-4286-B384-167A17B44FE2}.Debug|x86.ActiveCfg = Debug|iPhone
		{2DF9E121-0B36-4286-B384-167A17B44FE2}.Release|Any CPU.ActiveCfg = Release|iPhone
		{2DF9E121-0B36-4286-B384-167A17B44FE2}.Release|ARM.ActiveCfg = Release|iPhone
		{2DF9E121-0B36-4286-B384-167A17B44FE2}.Release|iPhone.ActiveCfg = Release|iPhone
		{2DF9E121-0B36-4286-B384-167A17B44FE2}.Release|iPhone.Build.0 = Release|iPhone
		{2DF9E121-0B36-4286-B384-167A17B44FE2}.Release|iPhoneSimulator.ActiveCfg = Release|iPhoneSimulator
		{2DF9E121-0B36-4286-B384-167A17B44FE2}.Release|iPhoneSimulator.Build.0 = Release|iPhoneSimulator
		{2DF9E121-0B36-4286-B384-167A17B44FE2}.Release|Mixed Platforms.ActiveCfg = Release|iPhone
		{2DF9E121-0B36-4286-B384-167A17B44FE2}.Release|Mixed Platforms.Build.0 = Release|iPhone
		{2DF9E121-0B36-4286-B384-167A17B44FE2}.Release|x64.ActiveCfg = Release|iPhone
		{2DF9E121-0B36-4286-B384-167A17B44FE2}.Release|x86.ActiveCfg = Release|iPhone
		{5730FCEA-9697-46D1-981F-0DE4EB2CB6BE}.Ad-Hoc|Any CPU.ActiveCfg = Release|x64
		{5730FCEA-9697-46D1-981F-0DE4EB2CB6BE}.Ad-Hoc|Any CPU.Build.0 = Release|x64
		{5730FCEA-9697-46D1-981F-0DE4EB2CB6BE}.Ad-Hoc|Any CPU.Deploy.0 = Release|x64
		{5730FCEA-9697-46D1-981F-0DE4EB2CB6BE}.Ad-Hoc|ARM.ActiveCfg = Release|ARM
		{5730FCEA-9697-46D1-981F-0DE4EB2CB6BE}.Ad-Hoc|ARM.Build.0 = Release|ARM
		{5730FCEA-9697-46D1-981F-0DE4EB2CB6BE}.Ad-Hoc|ARM.Deploy.0 = Release|ARM
		{5730FCEA-9697-46D1-981F-0DE4EB2CB6BE}.Ad-Hoc|iPhone.ActiveCfg = Release|x64
		{5730FCEA-9697-46D1-981F-0DE4EB2CB6BE}.Ad-Hoc|iPhone.Build.0 = Release|x64
		{5730FCEA-9697-46D1-981F-0DE4EB2CB6BE}.Ad-Hoc|iPhone.Deploy.0 = Release|x64
		{5730FCEA-9697-46D1-981F-0DE4EB2CB6BE}.Ad-Hoc|iPhoneSimulator.ActiveCfg = Release|x64
		{5730FCEA-9697-46D1-981F-0DE4EB2CB6BE}.Ad-Hoc|iPhoneSimulator.Build.0 = Release|x64
		{5730FCEA-9697-46D1-981F-0DE4EB2CB6BE}.Ad-Hoc|iPhoneSimulator.Deploy.0 = Release|x64
		{5730FCEA-9697-46D1-981F-0DE4EB2CB6BE}.Ad-Hoc|Mixed Platforms.ActiveCfg = Release|x86
		{5730FCEA-9697-46D1-981F-0DE4EB2CB6BE}.Ad-Hoc|Mixed Platforms.Build.0 = Release|x86
		{5730FCEA-9697-46D1-981F-0DE4EB2CB6BE}.Ad-Hoc|Mixed Platforms.Deploy.0 = Release|x86
		{5730FCEA-9697-46D1-981F-0DE4EB2CB6BE}.Ad-Hoc|x64.ActiveCfg = Release|x64
		{5730FCEA-9697-46D1-981F-0DE4EB2CB6BE}.Ad-Hoc|x64.Build.0 = Release|x64
		{5730FCEA-9697-46D1-981F-0DE4EB2CB6BE}.Ad-Hoc|x64.Deploy.0 = Release|x64
		{5730FCEA-9697-46D1-981F-0DE4EB2CB6BE}.Ad-Hoc|x86.ActiveCfg = Release|x86
		{5730FCEA-9697-46D1-981F-0DE4EB2CB6BE}.Ad-Hoc|x86.Build.0 = Release|x86
		{5730FCEA-9697-46D1-981F-0DE4EB2CB6BE}.Ad-Hoc|x86.Deploy.0 = Release|x86
		{5730FCEA-9697-46D1-981F-0DE4EB2CB6BE}.AppStore|Any CPU.ActiveCfg = Release|x64
		{5730FCEA-9697-46D1-981F-0DE4EB2CB6BE}.AppStore|Any CPU.Build.0 = Release|x64
		{5730FCEA-9697-46D1-981F-0DE4EB2CB6BE}.AppStore|Any CPU.Deploy.0 = Release|x64
		{5730FCEA-9697-46D1-981F-0DE4EB2CB6BE}.AppStore|ARM.ActiveCfg = Release|ARM
		{5730FCEA-9697-46D1-981F-0DE4EB2CB6BE}.AppStore|ARM.Build.0 = Release|ARM
		{5730FCEA-9697-46D1-981F-0DE4EB2CB6BE}.AppStore|ARM.Deploy.0 = Release|ARM
		{5730FCEA-9697-46D1-981F-0DE4EB2CB6BE}.AppStore|iPhone.ActiveCfg = Release|x64
		{5730FCEA-9697-46D1-981F-0DE4EB2CB6BE}.AppStore|iPhone.Build.0 = Release|x64
		{5730FCEA-9697-46D1-981F-0DE4EB2CB6BE}.AppStore|iPhone.Deploy.0 = Release|x64
		{5730FCEA-9697-46D1-981F-0DE4EB2CB6BE}.AppStore|iPhoneSimulator.ActiveCfg = Release|x64
		{5730FCEA-9697-46D1-981F-0DE4EB2CB6BE}.AppStore|iPhoneSimulator.Build.0 = Release|x64
		{5730FCEA-9697-46D1-981F-0DE4EB2CB6BE}.AppStore|iPhoneSimulator.Deploy.0 = Release|x64
		{5730FCEA-9697-46D1-981F-0DE4EB2CB6BE}.AppStore|Mixed Platforms.ActiveCfg = Release|x86
		{5730FCEA-9697-46D1-981F-0DE4EB2CB6BE}.AppStore|Mixed Platforms.Build.0 = Release|x86
		{5730FCEA-9697-46D1-981F-0DE4EB2CB6BE}.AppStore|Mixed Platforms.Deploy.0 = Release|x86
		{5730FCEA-9697-46D1-981F-0DE4EB2CB6BE}.AppStore|x64.ActiveCfg = Release|x64
		{5730FCEA-9697-46D1-981F-0DE4EB2CB6BE}.AppStore|x64.Build.0 = Release|x64
		{5730FCEA-9697-46D1-981F-0DE4EB2CB6BE}.AppStore|x64.Deploy.0 = Release|x64
		{5730FCEA-9697-46D1-981F-0DE4EB2CB6BE}.AppStore|x86.ActiveCfg = Release|x86
		{5730FCEA-9697-46D1-981F-0DE4EB2CB6BE}.AppStore|x86.Build.0 = Release|x86
		{5730FCEA-9697-46D1-981F-0DE4EB2CB6BE}.AppStore|x86.Deploy.0 = Release|x86
		{5730FCEA-9697-46D1-981F-0DE4EB2CB6BE}.Debug|Any CPU.ActiveCfg = Debug|x86
		{5730FCEA-9697-46D1-981F-0DE4EB2CB6BE}.Debug|ARM.ActiveCfg = Debug|ARM
		{5730FCEA-9697-46D1-981F-0DE4EB2CB6BE}.Debug|ARM.Build.0 = Debug|ARM
		{5730FCEA-9697-46D1-981F-0DE4EB2CB6BE}.Debug|ARM.Deploy.0 = Debug|ARM
		{5730FCEA-9697-46D1-981F-0DE4EB2CB6BE}.Debug|iPhone.ActiveCfg = Debug|x86
		{5730FCEA-9697-46D1-981F-0DE4EB2CB6BE}.Debug|iPhoneSimulator.ActiveCfg = Debug|x86
		{5730FCEA-9697-46D1-981F-0DE4EB2CB6BE}.Debug|Mixed Platforms.ActiveCfg = Debug|x86
		{5730FCEA-9697-46D1-981F-0DE4EB2CB6BE}.Debug|Mixed Platforms.Build.0 = Debug|x86
		{5730FCEA-9697-46D1-981F-0DE4EB2CB6BE}.Debug|Mixed Platforms.Deploy.0 = Debug|x86
		{5730FCEA-9697-46D1-981F-0DE4EB2CB6BE}.Debug|x64.ActiveCfg = Debug|x64
		{5730FCEA-9697-46D1-981F-0DE4EB2CB6BE}.Debug|x64.Build.0 = Debug|x64
		{5730FCEA-9697-46D1-981F-0DE4EB2CB6BE}.Debug|x64.Deploy.0 = Debug|x64
		{5730FCEA-9697-46D1-981F-0DE4EB2CB6BE}.Debug|x86.ActiveCfg = Debug|x86
		{5730FCEA-9697-46D1-981F-0DE4EB2CB6BE}.Debug|x86.Build.0 = Debug|x86
		{5730FCEA-9697-46D1-981F-0DE4EB2CB6BE}.Debug|x86.Deploy.0 = Debug|x86
		{5730FCEA-9697-46D1-981F-0DE4EB2CB6BE}.Release|Any CPU.ActiveCfg = Release|x86
		{5730FCEA-9697-46D1-981F-0DE4EB2CB6BE}.Release|ARM.ActiveCfg = Release|ARM
		{5730FCEA-9697-46D1-981F-0DE4EB2CB6BE}.Release|ARM.Build.0 = Release|ARM
		{5730FCEA-9697-46D1-981F-0DE4EB2CB6BE}.Release|ARM.Deploy.0 = Release|ARM
		{5730FCEA-9697-46D1-981F-0DE4EB2CB6BE}.Release|iPhone.ActiveCfg = Release|x86
		{5730FCEA-9697-46D1-981F-0DE4EB2CB6BE}.Release|iPhoneSimulator.ActiveCfg = Release|x86
		{5730FCEA-9697-46D1-981F-0DE4EB2CB6BE}.Release|Mixed Platforms.ActiveCfg = Release|x86
		{5730FCEA-9697-46D1-981F-0DE4EB2CB6BE}.Release|Mixed Platforms.Build.0 = Release|x86
		{5730FCEA-9697-46D1-981F-0DE4EB2CB6BE}.Release|Mixed Platforms.Deploy.0 = Release|x86
		{5730FCEA-9697-46D1-981F-0DE4EB2CB6BE}.Release|x64.ActiveCfg = Release|x64
		{5730FCEA-9697-46D1-981F-0DE4EB2CB6BE}.Release|x64.Build.0 = Release|x64
		{5730FCEA-9697-46D1-981F-0DE4EB2CB6BE}.Release|x64.Deploy.0 = Release|x64
		{5730FCEA-9697-46D1-981F-0DE4EB2CB6BE}.Release|x86.ActiveCfg = Release|x86
		{5730FCEA-9697-46D1-981F-0DE4EB2CB6BE}.Release|x86.Build.0 = Release|x86
		{5730FCEA-9697-46D1-981F-0DE4EB2CB6BE}.Release|x86.Deploy.0 = Release|x86
	EndGlobalSection
	GlobalSection(SolutionProperties) = preSolution
		HideSolutionNode = FALSE
	EndGlobalSection
EndGlobal
